
Microsoft Visual Studio Solution File, Format Version 12.00
# Visual Studio Version 17
VisualStudioVersion = 17.12.35527.113
MinimumVisualStudioVersion = 10.0.40219.1
Project("{2150E333-8FDC-42A3-9474-1A3956D46DE8}") = "Deployment", "Deployment", "{73EC0E45-94B2-460E-8C5F-9DC08F34FFDE}"
EndProject
Project("{FAE04EC0-301F-11D3-BF4B-00C04F79EFBC}") = "NetShiftMain", "NetShiftMain\NetShiftMain.csproj", "{4850F4CC-06FB-4958-BDD1-131B709564C4}"
EndProject
Project("{FAE04EC0-301F-11D3-BF4B-00C04F79EFBC}") = "NetShift.Models", "NetShift.Models\NetShift.Models.csproj", "{CC24BEEB-1734-4D69-B760-9AA6BCB9850B}"
EndProject
Project("{8BC9CEB8-8B4A-11D0-8D11-00A0C91BC942}") = "NetShiftServiceCpp", "NetShiftServiceCpp\NetShiftServiceCpp.vcxproj", "{185FE1C2-F2BE-4DD2-903F-197635C18EF9}"
EndProject
Project("{8BC9CEB8-8B4A-11D0-8D11-00A0C91BC942}") = "NetShiftServiceInstaller", "NetShiftServiceInstaller\NetShiftServiceInstaller.vcxproj", "{71167832-CCE3-408B-818D-431B61173638}"
EndProject
Global
	GlobalSection(SolutionConfigurationPlatforms) = preSolution
		Debug|Any CPU = Debug|Any CPU
		Debug|ARM64 = Debug|ARM64
		Debug|x64 = Debug|x64
		Debug|x86 = Debug|x86
		Release|Any CPU = Release|Any CPU
		Release|ARM64 = Release|ARM64
		Release|x64 = Release|x64
		Release|x86 = Release|x86
	EndGlobalSection
	GlobalSection(ProjectConfigurationPlatforms) = postSolution
		{4850F4CC-06FB-4958-BDD1-131B709564C4}.Debug|Any CPU.ActiveCfg = Debug|Any CPU
		{4850F4CC-06FB-4958-BDD1-131B709564C4}.Debug|Any CPU.Build.0 = Debug|Any CPU
		{4850F4CC-06FB-4958-BDD1-131B709564C4}.Debug|ARM64.ActiveCfg = Debug|Any CPU
		{4850F4CC-06FB-4958-BDD1-131B709564C4}.Debug|ARM64.Build.0 = Debug|Any CPU
		{4850F4CC-06FB-4958-BDD1-131B709564C4}.Debug|x64.ActiveCfg = Debug|Any CPU
		{4850F4CC-06FB-4958-BDD1-131B709564C4}.Debug|x64.Build.0 = Debug|Any CPU
		{4850F4CC-06FB-4958-BDD1-131B709564C4}.Debug|x86.ActiveCfg = Debug|Any CPU
		{4850F4CC-06FB-4958-BDD1-131B709564C4}.Debug|x86.Build.0 = Debug|Any CPU
		{4850F4CC-06FB-4958-BDD1-131B709564C4}.Release|Any CPU.ActiveCfg = Release|Any CPU
		{4850F4CC-06FB-4958-BDD1-131B709564C4}.Release|Any CPU.Build.0 = Release|Any CPU
		{4850F4CC-06FB-4958-BDD1-131B709564C4}.Release|ARM64.ActiveCfg = Release|Any CPU
		{4850F4CC-06FB-4958-BDD1-131B709564C4}.Release|ARM64.Build.0 = Release|Any CPU
		{4850F4CC-06FB-4958-BDD1-131B709564C4}.Release|x64.ActiveCfg = Release|Any CPU
		{4850F4CC-06FB-4958-BDD1-131B709564C4}.Release|x64.Build.0 = Release|Any CPU
		{4850F4CC-06FB-4958-BDD1-131B709564C4}.Release|x86.ActiveCfg = Release|Any CPU
		{4850F4CC-06FB-4958-BDD1-131B709564C4}.Release|x86.Build.0 = Release|Any CPU
		{CC24BEEB-1734-4D69-B760-9AA6BCB9850B}.Debug|Any CPU.ActiveCfg = Debug|Any CPU
		{CC24BEEB-1734-4D69-B760-9AA6BCB9850B}.Debug|Any CPU.Build.0 = Debug|Any CPU
		{CC24BEEB-1734-4D69-B760-9AA6BCB9850B}.Debug|ARM64.ActiveCfg = Debug|Any CPU
		{CC24BEEB-1734-4D69-B760-9AA6BCB9850B}.Debug|ARM64.Build.0 = Debug|Any CPU
		{CC24BEEB-1734-4D69-B760-9AA6BCB9850B}.Debug|x64.ActiveCfg = Debug|Any CPU
		{CC24BEEB-1734-4D69-B760-9AA6BCB9850B}.Debug|x64.Build.0 = Debug|Any CPU
		{CC24BEEB-1734-4D69-B760-9AA6BCB9850B}.Debug|x86.ActiveCfg = Debug|Any CPU
		{CC24BEEB-1734-4D69-B760-9AA6BCB9850B}.Debug|x86.Build.0 = Debug|Any CPU
		{CC24BEEB-1734-4D69-B760-9AA6BCB9850B}.Release|Any CPU.ActiveCfg = Release|Any CPU
		{CC24BEEB-1734-4D69-B760-9AA6BCB9850B}.Release|Any CPU.Build.0 = Release|Any CPU
		{CC24BEEB-1734-4D69-B760-9AA6BCB9850B}.Release|ARM64.ActiveCfg = Release|Any CPU
		{CC24BEEB-1734-4D69-B760-9AA6BCB9850B}.Release|ARM64.Build.0 = Release|Any CPU
		{CC24BEEB-1734-4D69-B760-9AA6BCB9850B}.Release|x64.ActiveCfg = Release|Any CPU
		{CC24BEEB-1734-4D69-B760-9AA6BCB9850B}.Release|x64.Build.0 = Release|Any CPU
		{CC24BEEB-1734-4D69-B760-9AA6BCB9850B}.Release|x86.ActiveCfg = Release|Any CPU
		{CC24BEEB-1734-4D69-B760-9AA6BCB9850B}.Release|x86.Build.0 = Release|Any CPU
		{185FE1C2-F2BE-4DD2-903F-197635C18EF9}.Debug|Any CPU.ActiveCfg = Debug|x64
		{185FE1C2-F2BE-4DD2-903F-197635C18EF9}.Debug|Any CPU.Build.0 = Debug|x64
		{185FE1C2-F2BE-4DD2-903F-197635C18EF9}.Debug|ARM64.ActiveCfg = Debug|x64
		{185FE1C2-F2BE-4DD2-903F-197635C18EF9}.Debug|ARM64.Build.0 = Debug|x64
		{185FE1C2-F2BE-4DD2-903F-197635C18EF9}.Debug|x64.ActiveCfg = Debug|x64
		{185FE1C2-F2BE-4DD2-903F-197635C18EF9}.Debug|x64.Build.0 = Debug|x64
		{185FE1C2-F2BE-4DD2-903F-197635C18EF9}.Debug|x86.ActiveCfg = Debug|Win32
		{185FE1C2-F2BE-4DD2-903F-197635C18EF9}.Debug|x86.Build.0 = Debug|Win32
		{185FE1C2-F2BE-4DD2-903F-197635C18EF9}.Release|Any CPU.ActiveCfg = Release|x64
		{185FE1C2-F2BE-4DD2-903F-197635C18EF9}.Release|Any CPU.Build.0 = Release|x64
		{185FE1C2-F2BE-4DD2-903F-197635C18EF9}.Release|ARM64.ActiveCfg = Release|x64
		{185FE1C2-F2BE-4DD2-903F-197635C18EF9}.Release|ARM64.Build.0 = Release|x64
		{185FE1C2-F2BE-4DD2-903F-197635C18EF9}.Release|x64.ActiveCfg = Release|x64
		{185FE1C2-F2BE-4DD2-903F-197635C18EF9}.Release|x64.Build.0 = Release|x64
		{185FE1C2-F2BE-4DD2-903F-197635C18EF9}.Release|x86.ActiveCfg = Release|Win32
		{185FE1C2-F2BE-4DD2-903F-197635C18EF9}.Release|x86.Build.0 = Release|Win32
		{71167832-CCE3-408B-818D-431B61173638}.Debug|Any CPU.ActiveCfg = Debug|x64
		{71167832-CCE3-408B-818D-431B61173638}.Debug|Any CPU.Build.0 = Debug|x64
		{71167832-CCE3-408B-818D-431B61173638}.Debug|ARM64.ActiveCfg = Debug|x64
		{71167832-CCE3-408B-818D-431B61173638}.Debug|ARM64.Build.0 = Debug|x64
		{71167832-CCE3-408B-818D-431B61173638}.Debug|x64.ActiveCfg = Debug|x64
		{71167832-CCE3-408B-818D-431B61173638}.Debug|x64.Build.0 = Debug|x64
		{71167832-CCE3-408B-818D-431B61173638}.Debug|x86.ActiveCfg = Debug|Win32
		{71167832-CCE3-408B-818D-431B61173638}.Debug|x86.Build.0 = Debug|Win32
		{71167832-CCE3-408B-818D-431B61173638}.Release|Any CPU.ActiveCfg = Release|x64
		{71167832-CCE3-408B-818D-431B61173638}.Release|Any CPU.Build.0 = Release|x64
		{71167832-CCE3-408B-818D-431B61173638}.Release|ARM64.ActiveCfg = Release|x64
		{71167832-CCE3-408B-818D-431B61173638}.Release|ARM64.Build.0 = Release|x64
		{71167832-CCE3-408B-818D-431B61173638}.Release|x64.ActiveCfg = Release|x64
		{71167832-CCE3-408B-818D-431B61173638}.Release|x64.Build.0 = Release|x64
		{71167832-CCE3-408B-818D-431B61173638}.Release|x86.ActiveCfg = Release|Win32
		{71167832-CCE3-408B-818D-431B61173638}.Release|x86.Build.0 = Release|Win32
	EndGlobalSection
	GlobalSection(SolutionProperties) = preSolution
		HideSolutionNode = FALSE
	EndGlobalSection
	GlobalSection(ExtensibilityGlobals) = postSolution
		SolutionGuid = {B806DAB7-F8C4-4F02-9BA1-B1CE01116B3E}
	EndGlobalSection
EndGlobal
