
Microsoft Visual Studio Solution File, Format Version 12.00
# Visual Studio Version 17
VisualStudioVersion = 17.12.35527.113
MinimumVisualStudioVersion = 10.0.40219.1
Project("{2150E333-8FDC-42A3-9474-1A3956D46DE8}") = "Deployment", "Deployment", "{73EC0E45-94B2-460E-8C5F-9DC08F34FFDE}"
EndProject
Project("{FAE04EC0-301F-11D3-BF4B-00C04F79EFBC}") = "NetShift", "NetShift\NetShift.csproj", "{4850F4CC-06FB-4958-BDD1-131B709564C4}"
EndProject
Project("{FAE04EC0-301F-11D3-BF4B-00C04F79EFBC}") = "NetShift.Models", "NetShift.Models\NetShift.Models.csproj", "{CC24BEEB-1734-4D69-B760-9AA6BCB9850B}"
EndProject
Project("{FAE04EC0-301F-11D3-BF4B-00C04F79EFBC}") = "NetShiftService", "NetShiftService\NetShiftService.csproj", "{C83C8967-8208-499B-8F00-CAEF0BE5391D}"
EndProject
Global
	GlobalSection(SolutionConfigurationPlatforms) = preSolution
		Debug|Any CPU = Debug|Any CPU
		Debug|ARM64 = Debug|ARM64
		Debug|x64 = Debug|x64
		Debug|x86 = Debug|x86
		Release|Any CPU = Release|Any CPU
		Release|ARM64 = Release|ARM64
		Release|x64 = Release|x64
		Release|x86 = Release|x86
	EndGlobalSection
	GlobalSection(ProjectConfigurationPlatforms) = postSolution
		{4850F4CC-06FB-4958-BDD1-131B709564C4}.Debug|Any CPU.ActiveCfg = Debug|Any CPU
		{4850F4CC-06FB-4958-BDD1-131B709564C4}.Debug|Any CPU.Build.0 = Debug|Any CPU
		{4850F4CC-06FB-4958-BDD1-131B709564C4}.Debug|ARM64.ActiveCfg = Debug|Any CPU
		{4850F4CC-06FB-4958-BDD1-131B709564C4}.Debug|ARM64.Build.0 = Debug|Any CPU
		{4850F4CC-06FB-4958-BDD1-131B709564C4}.Debug|x64.ActiveCfg = Debug|Any CPU
		{4850F4CC-06FB-4958-BDD1-131B709564C4}.Debug|x64.Build.0 = Debug|Any CPU
		{4850F4CC-06FB-4958-BDD1-131B709564C4}.Debug|x86.ActiveCfg = Debug|Any CPU
		{4850F4CC-06FB-4958-BDD1-131B709564C4}.Debug|x86.Build.0 = Debug|Any CPU
		{4850F4CC-06FB-4958-BDD1-131B709564C4}.Release|Any CPU.ActiveCfg = Release|Any CPU
		{4850F4CC-06FB-4958-BDD1-131B709564C4}.Release|Any CPU.Build.0 = Release|Any CPU
		{4850F4CC-06FB-4958-BDD1-131B709564C4}.Release|ARM64.ActiveCfg = Release|Any CPU
		{4850F4CC-06FB-4958-BDD1-131B709564C4}.Release|ARM64.Build.0 = Release|Any CPU
		{4850F4CC-06FB-4958-BDD1-131B709564C4}.Release|x64.ActiveCfg = Release|Any CPU
		{4850F4CC-06FB-4958-BDD1-131B709564C4}.Release|x64.Build.0 = Release|Any CPU
		{4850F4CC-06FB-4958-BDD1-131B709564C4}.Release|x86.ActiveCfg = Release|Any CPU
		{4850F4CC-06FB-4958-BDD1-131B709564C4}.Release|x86.Build.0 = Release|Any CPU
		{CC24BEEB-1734-4D69-B760-9AA6BCB9850B}.Debug|Any CPU.ActiveCfg = Debug|Any CPU
		{CC24BEEB-1734-4D69-B760-9AA6BCB9850B}.Debug|Any CPU.Build.0 = Debug|Any CPU
		{CC24BEEB-1734-4D69-B760-9AA6BCB9850B}.Debug|ARM64.ActiveCfg = Debug|Any CPU
		{CC24BEEB-1734-4D69-B760-9AA6BCB9850B}.Debug|ARM64.Build.0 = Debug|Any CPU
		{CC24BEEB-1734-4D69-B760-9AA6BCB9850B}.Debug|x64.ActiveCfg = Debug|Any CPU
		{CC24BEEB-1734-4D69-B760-9AA6BCB9850B}.Debug|x64.Build.0 = Debug|Any CPU
		{CC24BEEB-1734-4D69-B760-9AA6BCB9850B}.Debug|x86.ActiveCfg = Debug|Any CPU
		{CC24BEEB-1734-4D69-B760-9AA6BCB9850B}.Debug|x86.Build.0 = Debug|Any CPU
		{CC24BEEB-1734-4D69-B760-9AA6BCB9850B}.Release|Any CPU.ActiveCfg = Release|Any CPU
		{CC24BEEB-1734-4D69-B760-9AA6BCB9850B}.Release|Any CPU.Build.0 = Release|Any CPU
		{CC24BEEB-1734-4D69-B760-9AA6BCB9850B}.Release|ARM64.ActiveCfg = Release|Any CPU
		{CC24BEEB-1734-4D69-B760-9AA6BCB9850B}.Release|ARM64.Build.0 = Release|Any CPU
		{CC24BEEB-1734-4D69-B760-9AA6BCB9850B}.Release|x64.ActiveCfg = Release|Any CPU
		{CC24BEEB-1734-4D69-B760-9AA6BCB9850B}.Release|x64.Build.0 = Release|Any CPU
		{CC24BEEB-1734-4D69-B760-9AA6BCB9850B}.Release|x86.ActiveCfg = Release|Any CPU
		{CC24BEEB-1734-4D69-B760-9AA6BCB9850B}.Release|x86.Build.0 = Release|Any CPU
		{C83C8967-8208-499B-8F00-CAEF0BE5391D}.Debug|Any CPU.ActiveCfg = Debug|Any CPU
		{C83C8967-8208-499B-8F00-CAEF0BE5391D}.Debug|Any CPU.Build.0 = Debug|Any CPU
		{C83C8967-8208-499B-8F00-CAEF0BE5391D}.Debug|ARM64.ActiveCfg = Debug|Any CPU
		{C83C8967-8208-499B-8F00-CAEF0BE5391D}.Debug|ARM64.Build.0 = Debug|Any CPU
		{C83C8967-8208-499B-8F00-CAEF0BE5391D}.Debug|x64.ActiveCfg = Debug|Any CPU
		{C83C8967-8208-499B-8F00-CAEF0BE5391D}.Debug|x64.Build.0 = Debug|Any CPU
		{C83C8967-8208-499B-8F00-CAEF0BE5391D}.Debug|x86.ActiveCfg = Debug|Any CPU
		{C83C8967-8208-499B-8F00-CAEF0BE5391D}.Debug|x86.Build.0 = Debug|Any CPU
		{C83C8967-8208-499B-8F00-CAEF0BE5391D}.Release|Any CPU.ActiveCfg = Release|Any CPU
		{C83C8967-8208-499B-8F00-CAEF0BE5391D}.Release|Any CPU.Build.0 = Release|Any CPU
		{C83C8967-8208-499B-8F00-CAEF0BE5391D}.Release|ARM64.ActiveCfg = Release|Any CPU
		{C83C8967-8208-499B-8F00-CAEF0BE5391D}.Release|ARM64.Build.0 = Release|Any CPU
		{C83C8967-8208-499B-8F00-CAEF0BE5391D}.Release|x64.ActiveCfg = Release|Any CPU
		{C83C8967-8208-499B-8F00-CAEF0BE5391D}.Release|x64.Build.0 = Release|Any CPU
		{C83C8967-8208-499B-8F00-CAEF0BE5391D}.Release|x86.ActiveCfg = Release|Any CPU
		{C83C8967-8208-499B-8F00-CAEF0BE5391D}.Release|x86.Build.0 = Release|Any CPU
	EndGlobalSection
	GlobalSection(SolutionProperties) = preSolution
		HideSolutionNode = FALSE
	EndGlobalSection
EndGlobal
